// !$*UTF8*$!
{
	archiveVersion = 1;
	classes = {
	};
	objectVersion = 46;
	objects = {

/* Begin PBXBuildFile section */
		B816FCEE164266F5002336E0 /* UIKit.framework in Frameworks */ = {isa = PBXBuildFile; fileRef = B816FCED164266F5002336E0 /* UIKit.framework */; };
		B816FCF0164266F5002336E0 /* Foundation.framework in Frameworks */ = {isa = PBXBuildFile; fileRef = B816FCEF164266F5002336E0 /* Foundation.framework */; };
		B816FCF2164266F5002336E0 /* CoreGraphics.framework in Frameworks */ = {isa = PBXBuildFile; fileRef = B816FCF1164266F5002336E0 /* CoreGraphics.framework */; };
		B816FCF8164266F5002336E0 /* InfoPlist.strings in Resources */ = {isa = PBXBuildFile; fileRef = B816FCF6164266F5002336E0 /* InfoPlist.strings */; };
		B816FCFA164266F5002336E0 /* main.m in Sources */ = {isa = PBXBuildFile; fileRef = B816FCF9164266F5002336E0 /* main.m */; };
		B816FCFE164266F5002336E0 /* AppDelegate.m in Sources */ = {isa = PBXBuildFile; fileRef = B816FCFD164266F5002336E0 /* AppDelegate.m */; };
		B816FD00164266F5002336E0 /* Default.png in Resources */ = {isa = PBXBuildFile; fileRef = B816FCFF164266F5002336E0 /* Default.png */; };
		B816FD02164266F5002336E0 /* Default@2x.png in Resources */ = {isa = PBXBuildFile; fileRef = B816FD01164266F5002336E0 /* Default@2x.png */; };
		B816FD04164266F5002336E0 /* Default-568h@2x.png in Resources */ = {isa = PBXBuildFile; fileRef = B816FD03164266F5002336E0 /* Default-568h@2x.png */; };
		B816FD12164266F5002336E0 /* SenTestingKit.framework in Frameworks */ = {isa = PBXBuildFile; fileRef = B816FD11164266F5002336E0 /* SenTestingKit.framework */; };
		B816FD13164266F5002336E0 /* UIKit.framework in Frameworks */ = {isa = PBXBuildFile; fileRef = B816FCED164266F5002336E0 /* UIKit.framework */; };
		B816FD14164266F5002336E0 /* Foundation.framework in Frameworks */ = {isa = PBXBuildFile; fileRef = B816FCEF164266F5002336E0 /* Foundation.framework */; };
		B816FD1C164266F5002336E0 /* InfoPlist.strings in Resources */ = {isa = PBXBuildFile; fileRef = B816FD1A164266F5002336E0 /* InfoPlist.strings */; };
		B816FD1F164266F5002336E0 /* iutbmTests.m in Sources */ = {isa = PBXBuildFile; fileRef = B816FD1E164266F5002336E0 /* iutbmTests.m */; };
		B816FD2A164267DF002336E0 /* MenuViewController.m in Sources */ = {isa = PBXBuildFile; fileRef = B816FD29164267DF002336E0 /* MenuViewController.m */; };
		B816FD2D164268AF002336E0 /* SecondTopViewController.m in Sources */ = {isa = PBXBuildFile; fileRef = B816FD2C164268AF002336E0 /* SecondTopViewController.m */; };
		B816FD3016426918002336E0 /* ThirdTopViewController.m in Sources */ = {isa = PBXBuildFile; fileRef = B816FD2F16426918002336E0 /* ThirdTopViewController.m */; };
		B816FD3516426A03002336E0 /* ECSlidingViewController.m in Sources */ = {isa = PBXBuildFile; fileRef = B816FD3416426A03002336E0 /* ECSlidingViewController.m */; };
		B816FD3816426A63002336E0 /* UIImage+ImageWithUIView.m in Sources */ = {isa = PBXBuildFile; fileRef = B816FD3716426A63002336E0 /* UIImage+ImageWithUIView.m */; };
		B816FD4316427A0D002336E0 /* FirstTopViewController.m in Sources */ = {isa = PBXBuildFile; fileRef = B816FD4216427A0C002336E0 /* FirstTopViewController.m */; };
		B816FD5216427C32002336E0 /* InitialSlidingViewController.m in Sources */ = {isa = PBXBuildFile; fileRef = B816FD5116427C32002336E0 /* InitialSlidingViewController.m */; };
		B816FD611643C9C1002336E0 /* NewsViewController.m in Sources */ = {isa = PBXBuildFile; fileRef = B816FD601643C9C0002336E0 /* NewsViewController.m */; };
		B816FD641643C9E1002336E0 /* PresseViewController.m in Sources */ = {isa = PBXBuildFile; fileRef = B816FD631643C9E0002336E0 /* PresseViewController.m */; };
		B8779B2A1662581C003E7335 /* GalerieViewController.m in Sources */ = {isa = PBXBuildFile; fileRef = B8779B291662581C003E7335 /* GalerieViewController.m */; };
		B8779B2E16627069003E7335 /* PhotoBox.m in Sources */ = {isa = PBXBuildFile; fileRef = B8779B2D16627069003E7335 /* PhotoBox.m */; };
		B8779B3216636C18003E7335 /* 193-location-arrow.png in Resources */ = {isa = PBXBuildFile; fileRef = B8779B3116636C17003E7335 /* 193-location-arrow.png */; };
		B8779B3416636C53003E7335 /* 13-target.png in Resources */ = {isa = PBXBuildFile; fileRef = B8779B3316636C53003E7335 /* 13-target.png */; };
		B8779B3616636CCE003E7335 /* 96-book.png in Resources */ = {isa = PBXBuildFile; fileRef = B8779B3516636CCE003E7335 /* 96-book.png */; };
		B8779B4B166408AF003E7335 /* FourthTopViewController.m in Sources */ = {isa = PBXBuildFile; fileRef = B8779B4A166408AF003E7335 /* FourthTopViewController.m */; };
		B8779B4D16640AA6003E7335 /* 111-user.png in Resources */ = {isa = PBXBuildFile; fileRef = B8779B4C16640AA6003E7335 /* 111-user.png */; };
		B8779B4F16640BC2003E7335 /* book.png in Resources */ = {isa = PBXBuildFile; fileRef = B8779B4E16640BC2003E7335 /* book.png */; };
		B8779B5116640C71003E7335 /* user.png in Resources */ = {isa = PBXBuildFile; fileRef = B8779B5016640C71003E7335 /* user.png */; };
		B8A0891C164A5C4B00FF1D5D /* iPhone.storyboard in Resources */ = {isa = PBXBuildFile; fileRef = B8A0891B164A5C4B00FF1D5D /* iPhone.storyboard */; };
		B8A089A716559DB100FF1D5D /* BG-pattern2x.png in Resources */ = {isa = PBXBuildFile; fileRef = B8A089A616559DB100FF1D5D /* BG-pattern2x.png */; };
		B8A089AD1655A51700FF1D5D /* BG-pattern2xmenu.png in Resources */ = {isa = PBXBuildFile; fileRef = B8A089AC1655A51600FF1D5D /* BG-pattern2xmenu.png */; };
		B8A089AF16565C9500FF1D5D /* list-item.png in Resources */ = {isa = PBXBuildFile; fileRef = B8A089AE16565C9500FF1D5D /* list-item.png */; };
		B8A089B31656666600FF1D5D /* 18-envelope.png in Resources */ = {isa = PBXBuildFile; fileRef = B8A089B21656666600FF1D5D /* 18-envelope.png */; };
		B8A089B5165666D500FF1D5D /* 166-newspaper.png in Resources */ = {isa = PBXBuildFile; fileRef = B8A089B4165666D500FF1D5D /* 166-newspaper.png */; };
		B8A089B7165666EE00FF1D5D /* 180-stickynote.png in Resources */ = {isa = PBXBuildFile; fileRef = B8A089B6165666EE00FF1D5D /* 180-stickynote.png */; };
		B8A089B916566BA500FF1D5D /* 53-house.png in Resources */ = {isa = PBXBuildFile; fileRef = B8A089B816566BA500FF1D5D /* 53-house.png */; };
		B8A089BF165671C000FF1D5D /* slideshow_adiut.gif in Resources */ = {isa = PBXBuildFile; fileRef = B8A089BA165671C000FF1D5D /* slideshow_adiut.gif */; };
		B8A089C0165671C000FF1D5D /* slideshow_facebook.gif in Resources */ = {isa = PBXBuildFile; fileRef = B8A089BB165671C000FF1D5D /* slideshow_facebook.gif */; };
		B8A089C1165671C000FF1D5D /* slideshow_formations.gif in Resources */ = {isa = PBXBuildFile; fileRef = B8A089BC165671C000FF1D5D /* slideshow_formations.gif */; };
		B8A089C2165671C000FF1D5D /* slideshows_bouge.gif in Resources */ = {isa = PBXBuildFile; fileRef = B8A089BD165671C000FF1D5D /* slideshows_bouge.gif */; };
		B8A089C3165671C000FF1D5D /* slideshows_taxe.gif in Resources */ = {isa = PBXBuildFile; fileRef = B8A089BE165671C000FF1D5D /* slideshows_taxe.gif */; };
		B8A089C9165673BB00FF1D5D /* segcontrol_sel-uns.png in Resources */ = {isa = PBXBuildFile; fileRef = B8A089C4165673BB00FF1D5D /* segcontrol_sel-uns.png */; };
		B8A089CA165673BB00FF1D5D /* segcontrol_sel.png in Resources */ = {isa = PBXBuildFile; fileRef = B8A089C5165673BB00FF1D5D /* segcontrol_sel.png */; };
		B8A089CB165673BB00FF1D5D /* segcontrol_uns-sel.png in Resources */ = {isa = PBXBuildFile; fileRef = B8A089C6165673BB00FF1D5D /* segcontrol_uns-sel.png */; };
		B8A089CC165673BB00FF1D5D /* segcontrol_uns-uns.png in Resources */ = {isa = PBXBuildFile; fileRef = B8A089C7165673BB00FF1D5D /* segcontrol_uns-uns.png */; };
		B8A089CD165673BB00FF1D5D /* segcontrol_uns.png in Resources */ = {isa = PBXBuildFile; fileRef = B8A089C8165673BB00FF1D5D /* segcontrol_uns.png */; };
		B8A089D316594D0F00FF1D5D /* house.png in Resources */ = {isa = PBXBuildFile; fileRef = B8A089D216594D0F00FF1D5D /* house.png */; };
		B8A089D716596AE500FF1D5D /* presentation.png in Resources */ = {isa = PBXBuildFile; fileRef = B8A089D616596AE500FF1D5D /* presentation.png */; };
		B8A089D916596D5100FF1D5D /* gradhat.png in Resources */ = {isa = PBXBuildFile; fileRef = B8A089D816596D5100FF1D5D /* gradhat.png */; };
		B8A08A24165FC89100FF1D5D /* add.png in Resources */ = {isa = PBXBuildFile; fileRef = B8A08A20165FC89000FF1D5D /* add.png */; };
		B8A08A25165FC89100FF1D5D /* add@2x.png in Resources */ = {isa = PBXBuildFile; fileRef = B8A08A21165FC89000FF1D5D /* add@2x.png */; };
		B8A08A26165FC89100FF1D5D /* arrow.png in Resources */ = {isa = PBXBuildFile; fileRef = B8A08A22165FC89000FF1D5D /* arrow.png */; };
		B8A08A27165FC89100FF1D5D /* arrow@2x.png in Resources */ = {isa = PBXBuildFile; fileRef = B8A08A23165FC89000FF1D5D /* arrow@2x.png */; };
		B8A08A29165FC98300FF1D5D /* QuartzCore.framework in Frameworks */ = {isa = PBXBuildFile; fileRef = B8A08A28165FC98300FF1D5D /* QuartzCore.framework */; settings = {ATTRIBUTES = (Required, ); }; };
		B8A08A2B165FC99500FF1D5D /* CoreText.framework in Frameworks */ = {isa = PBXBuildFile; fileRef = B8A08A2A165FC99500FF1D5D /* CoreText.framework */; };
		B8A08ADC165FD00600FF1D5D /* add.png in Resources */ = {isa = PBXBuildFile; fileRef = B8A08A20165FC89000FF1D5D /* add.png */; };
		B8A08ADD165FD00600FF1D5D /* add@2x.png in Resources */ = {isa = PBXBuildFile; fileRef = B8A08A21165FC89000FF1D5D /* add@2x.png */; };
		B8A08ADE165FD00600FF1D5D /* arrow.png in Resources */ = {isa = PBXBuildFile; fileRef = B8A08A22165FC89000FF1D5D /* arrow.png */; };
		B8A08ADF165FD00600FF1D5D /* arrow@2x.png in Resources */ = {isa = PBXBuildFile; fileRef = B8A08A23165FC89000FF1D5D /* arrow@2x.png */; };
		B8A08AED165FD1D800FF1D5D /* MGScrollView.m in Sources */ = {isa = PBXBuildFile; fileRef = B8A08AEC165FD1D800FF1D5D /* MGScrollView.m */; };
		B8A08AF3165FD33300FF1D5D /* MGBox.m in Sources */ = {isa = PBXBuildFile; fileRef = B8A08AF2165FD33300FF1D5D /* MGBox.m */; };
		B8A08AF6165FD3A800FF1D5D /* MGLineStyled.m in Sources */ = {isa = PBXBuildFile; fileRef = B8A08AF5165FD3A800FF1D5D /* MGLineStyled.m */; };
		B8A08AF9165FD3D800FF1D5D /* MGLine.m in Sources */ = {isa = PBXBuildFile; fileRef = B8A08AF8165FD3D700FF1D5D /* MGLine.m */; };
		B8A08AFC165FD42700FF1D5D /* MGMushParser.m in Sources */ = {isa = PBXBuildFile; fileRef = B8A08AFB165FD42700FF1D5D /* MGMushParser.m */; };
		B8A08AFF165FD47000FF1D5D /* MGTableBox.m in Sources */ = {isa = PBXBuildFile; fileRef = B8A08AFE165FD46F00FF1D5D /* MGTableBox.m */; };
		B8A08B02165FD4C000FF1D5D /* MGTableBoxStyled.m in Sources */ = {isa = PBXBuildFile; fileRef = B8A08B01165FD4BF00FF1D5D /* MGTableBoxStyled.m */; };
		B8A08B05165FD51100FF1D5D /* MGBlockWrapper.m in Sources */ = {isa = PBXBuildFile; fileRef = B8A08B04165FD50F00FF1D5D /* MGBlockWrapper.m */; };
		B8A08B08165FD56400FF1D5D /* MGLayoutManager.m in Sources */ = {isa = PBXBuildFile; fileRef = B8A08B07165FD56300FF1D5D /* MGLayoutManager.m */; };
		B8A08B0B165FD5A100FF1D5D /* MGButton.m in Sources */ = {isa = PBXBuildFile; fileRef = B8A08B0A165FD5A000FF1D5D /* MGButton.m */; };
		B8A08B0F165FD67A00FF1D5D /* NSAttributedString+MGTrim.m in Sources */ = {isa = PBXBuildFile; fileRef = B8A08B0E165FD67A00FF1D5D /* NSAttributedString+MGTrim.m */; };
		B8A08B12165FD6BB00FF1D5D /* NSObject+MGEvents.m in Sources */ = {isa = PBXBuildFile; fileRef = B8A08B11165FD6BB00FF1D5D /* NSObject+MGEvents.m */; };
		B8A08B15165FD70100FF1D5D /* UIColor+MGExpanded.m in Sources */ = {isa = PBXBuildFile; fileRef = B8A08B14165FD70100FF1D5D /* UIColor+MGExpanded.m */; };
		B8A08B18165FD73C00FF1D5D /* UIControl+MGEvents.m in Sources */ = {isa = PBXBuildFile; fileRef = B8A08B17165FD73C00FF1D5D /* UIControl+MGEvents.m */; };
		B8A08B1B165FD78C00FF1D5D /* UIResponder+FirstResponder.m in Sources */ = {isa = PBXBuildFile; fileRef = B8A08B1A165FD78B00FF1D5D /* UIResponder+FirstResponder.m */; };
		B8A08B1E165FD7C600FF1D5D /* UIView+MGEasyFrame.m in Sources */ = {isa = PBXBuildFile; fileRef = B8A08B1D165FD7C500FF1D5D /* UIView+MGEasyFrame.m */; };
		B8A08B251660B9E400FF1D5D /* 12-eye.png in Resources */ = {isa = PBXBuildFile; fileRef = B8A08B241660B9E400FF1D5D /* 12-eye.png */; };
		B8A08B271660BA6300FF1D5D /* 112-group.png in Resources */ = {isa = PBXBuildFile; fileRef = B8A08B261660BA6300FF1D5D /* 112-group.png */; };
		B8A08B291660BAAE00FF1D5D /* 121-landscape.png in Resources */ = {isa = PBXBuildFile; fileRef = B8A08B281660BAAE00FF1D5D /* 121-landscape.png */; };
/* End PBXBuildFile section */

/* Begin PBXContainerItemProxy section */
		B816FD15164266F5002336E0 /* PBXContainerItemProxy */ = {
			isa = PBXContainerItemProxy;
			containerPortal = B816FCE0164266F5002336E0 /* Project object */;
			proxyType = 1;
			remoteGlobalIDString = B816FCE8164266F5002336E0;
			remoteInfo = iutbm;
		};
/* End PBXContainerItemProxy section */

/* Begin PBXFileReference section */
		B816FCE9164266F5002336E0 /* iutbm.app */ = {isa = PBXFileReference; explicitFileType = wrapper.application; includeInIndex = 0; path = iutbm.app; sourceTree = BUILT_PRODUCTS_DIR; };
		B816FCED164266F5002336E0 /* UIKit.framework */ = {isa = PBXFileReference; lastKnownFileType = wrapper.framework; name = UIKit.framework; path = System/Library/Frameworks/UIKit.framework; sourceTree = SDKROOT; };
		B816FCEF164266F5002336E0 /* Foundation.framework */ = {isa = PBXFileReference; lastKnownFileType = wrapper.framework; name = Foundation.framework; path = System/Library/Frameworks/Foundation.framework; sourceTree = SDKROOT; };
		B816FCF1164266F5002336E0 /* CoreGraphics.framework */ = {isa = PBXFileReference; lastKnownFileType = wrapper.framework; name = CoreGraphics.framework; path = System/Library/Frameworks/CoreGraphics.framework; sourceTree = SDKROOT; };
		B816FCF5164266F5002336E0 /* iutbm-Info.plist */ = {isa = PBXFileReference; lastKnownFileType = text.plist.xml; path = "iutbm-Info.plist"; sourceTree = "<group>"; };
		B816FCF7164266F5002336E0 /* en */ = {isa = PBXFileReference; lastKnownFileType = text.plist.strings; name = en; path = en.lproj/InfoPlist.strings; sourceTree = "<group>"; };
		B816FCF9164266F5002336E0 /* main.m */ = {isa = PBXFileReference; lastKnownFileType = sourcecode.c.objc; path = main.m; sourceTree = "<group>"; };
		B816FCFB164266F5002336E0 /* iutbm-Prefix.pch */ = {isa = PBXFileReference; lastKnownFileType = sourcecode.c.h; path = "iutbm-Prefix.pch"; sourceTree = "<group>"; };
		B816FCFC164266F5002336E0 /* AppDelegate.h */ = {isa = PBXFileReference; lastKnownFileType = sourcecode.c.h; path = AppDelegate.h; sourceTree = "<group>"; };
		B816FCFD164266F5002336E0 /* AppDelegate.m */ = {isa = PBXFileReference; lastKnownFileType = sourcecode.c.objc; path = AppDelegate.m; sourceTree = "<group>"; };
		B816FCFF164266F5002336E0 /* Default.png */ = {isa = PBXFileReference; lastKnownFileType = image.png; path = Default.png; sourceTree = "<group>"; };
		B816FD01164266F5002336E0 /* Default@2x.png */ = {isa = PBXFileReference; lastKnownFileType = image.png; path = "Default@2x.png"; sourceTree = "<group>"; };
		B816FD03164266F5002336E0 /* Default-568h@2x.png */ = {isa = PBXFileReference; lastKnownFileType = image.png; path = "Default-568h@2x.png"; sourceTree = "<group>"; };
		B816FD10164266F5002336E0 /* iutbmTests.octest */ = {isa = PBXFileReference; explicitFileType = wrapper.cfbundle; includeInIndex = 0; path = iutbmTests.octest; sourceTree = BUILT_PRODUCTS_DIR; };
		B816FD11164266F5002336E0 /* SenTestingKit.framework */ = {isa = PBXFileReference; lastKnownFileType = wrapper.framework; name = SenTestingKit.framework; path = Library/Frameworks/SenTestingKit.framework; sourceTree = DEVELOPER_DIR; };
		B816FD19164266F5002336E0 /* iutbmTests-Info.plist */ = {isa = PBXFileReference; lastKnownFileType = text.plist.xml; path = "iutbmTests-Info.plist"; sourceTree = "<group>"; };
		B816FD1B164266F5002336E0 /* en */ = {isa = PBXFileReference; lastKnownFileType = text.plist.strings; name = en; path = en.lproj/InfoPlist.strings; sourceTree = "<group>"; };
		B816FD1D164266F5002336E0 /* iutbmTests.h */ = {isa = PBXFileReference; lastKnownFileType = sourcecode.c.h; path = iutbmTests.h; sourceTree = "<group>"; };
		B816FD1E164266F5002336E0 /* iutbmTests.m */ = {isa = PBXFileReference; lastKnownFileType = sourcecode.c.objc; path = iutbmTests.m; sourceTree = "<group>"; };
		B816FD28164267DF002336E0 /* MenuViewController.h */ = {isa = PBXFileReference; fileEncoding = 4; lastKnownFileType = sourcecode.c.h; path = MenuViewController.h; sourceTree = "<group>"; };
		B816FD29164267DF002336E0 /* MenuViewController.m */ = {isa = PBXFileReference; fileEncoding = 4; lastKnownFileType = sourcecode.c.objc; path = MenuViewController.m; sourceTree = "<group>"; };
		B816FD2B164268AF002336E0 /* SecondTopViewController.h */ = {isa = PBXFileReference; fileEncoding = 4; lastKnownFileType = sourcecode.c.h; path = SecondTopViewController.h; sourceTree = "<group>"; };
		B816FD2C164268AF002336E0 /* SecondTopViewController.m */ = {isa = PBXFileReference; fileEncoding = 4; lastKnownFileType = sourcecode.c.objc; path = SecondTopViewController.m; sourceTree = "<group>"; };
		B816FD2E16426918002336E0 /* ThirdTopViewController.h */ = {isa = PBXFileReference; fileEncoding = 4; lastKnownFileType = sourcecode.c.h; path = ThirdTopViewController.h; sourceTree = "<group>"; };
		B816FD2F16426918002336E0 /* ThirdTopViewController.m */ = {isa = PBXFileReference; fileEncoding = 4; lastKnownFileType = sourcecode.c.objc; path = ThirdTopViewController.m; sourceTree = "<group>"; };
		B816FD3316426A03002336E0 /* ECSlidingViewController.h */ = {isa = PBXFileReference; fileEncoding = 4; lastKnownFileType = sourcecode.c.h; path = ECSlidingViewController.h; sourceTree = "<group>"; };
		B816FD3416426A03002336E0 /* ECSlidingViewController.m */ = {isa = PBXFileReference; fileEncoding = 4; lastKnownFileType = sourcecode.c.objc; path = ECSlidingViewController.m; sourceTree = "<group>"; };
		B816FD3616426A63002336E0 /* UIImage+ImageWithUIView.h */ = {isa = PBXFileReference; fileEncoding = 4; lastKnownFileType = sourcecode.c.h; path = "UIImage+ImageWithUIView.h"; sourceTree = "<group>"; };
		B816FD3716426A63002336E0 /* UIImage+ImageWithUIView.m */ = {isa = PBXFileReference; fileEncoding = 4; lastKnownFileType = sourcecode.c.objc; path = "UIImage+ImageWithUIView.m"; sourceTree = "<group>"; };
		B816FD4116427A0C002336E0 /* FirstTopViewController.h */ = {isa = PBXFileReference; fileEncoding = 4; lastKnownFileType = sourcecode.c.h; path = FirstTopViewController.h; sourceTree = "<group>"; };
		B816FD4216427A0C002336E0 /* FirstTopViewController.m */ = {isa = PBXFileReference; fileEncoding = 4; lastKnownFileType = sourcecode.c.objc; path = FirstTopViewController.m; sourceTree = "<group>"; };
		B816FD5016427C32002336E0 /* InitialSlidingViewController.h */ = {isa = PBXFileReference; fileEncoding = 4; lastKnownFileType = sourcecode.c.h; path = InitialSlidingViewController.h; sourceTree = "<group>"; };
		B816FD5116427C32002336E0 /* InitialSlidingViewController.m */ = {isa = PBXFileReference; fileEncoding = 4; lastKnownFileType = sourcecode.c.objc; path = InitialSlidingViewController.m; sourceTree = "<group>"; };
		B816FD5F1643C9C0002336E0 /* NewsViewController.h */ = {isa = PBXFileReference; fileEncoding = 4; lastKnownFileType = sourcecode.c.h; path = NewsViewController.h; sourceTree = "<group>"; };
		B816FD601643C9C0002336E0 /* NewsViewController.m */ = {isa = PBXFileReference; fileEncoding = 4; lastKnownFileType = sourcecode.c.objc; path = NewsViewController.m; sourceTree = "<group>"; };
		B816FD621643C9E0002336E0 /* PresseViewController.h */ = {isa = PBXFileReference; fileEncoding = 4; lastKnownFileType = sourcecode.c.h; path = PresseViewController.h; sourceTree = "<group>"; };
		B816FD631643C9E0002336E0 /* PresseViewController.m */ = {isa = PBXFileReference; fileEncoding = 4; lastKnownFileType = sourcecode.c.objc; path = PresseViewController.m; sourceTree = "<group>"; };
		B8779B281662581C003E7335 /* GalerieViewController.h */ = {isa = PBXFileReference; fileEncoding = 4; lastKnownFileType = sourcecode.c.h; path = GalerieViewController.h; sourceTree = "<group>"; };
		B8779B291662581C003E7335 /* GalerieViewController.m */ = {isa = PBXFileReference; fileEncoding = 4; lastKnownFileType = sourcecode.c.objc; path = GalerieViewController.m; sourceTree = "<group>"; };
		B8779B2C16627069003E7335 /* PhotoBox.h */ = {isa = PBXFileReference; fileEncoding = 4; lastKnownFileType = sourcecode.c.h; path = PhotoBox.h; sourceTree = "<group>"; };
		B8779B2D16627069003E7335 /* PhotoBox.m */ = {isa = PBXFileReference; fileEncoding = 4; lastKnownFileType = sourcecode.c.objc; path = PhotoBox.m; sourceTree = "<group>"; };
		B8779B3116636C17003E7335 /* 193-location-arrow.png */ = {isa = PBXFileReference; lastKnownFileType = image.png; name = "193-location-arrow.png"; path = "../../Downloads/glyphish-icons/PNG icons/193-location-arrow.png"; sourceTree = "<group>"; };
		B8779B3316636C53003E7335 /* 13-target.png */ = {isa = PBXFileReference; lastKnownFileType = image.png; name = "13-target.png"; path = "../../Downloads/glyphish-icons/PNG icons/13-target.png"; sourceTree = "<group>"; };
		B8779B3516636CCE003E7335 /* 96-book.png */ = {isa = PBXFileReference; lastKnownFileType = image.png; name = "96-book.png"; path = "../../Downloads/glyphish-icons/PNG icons/96-book.png"; sourceTree = "<group>"; };
		B8779B49166408AF003E7335 /* FourthTopViewController.h */ = {isa = PBXFileReference; fileEncoding = 4; lastKnownFileType = sourcecode.c.h; path = FourthTopViewController.h; sourceTree = "<group>"; };
		B8779B4A166408AF003E7335 /* FourthTopViewController.m */ = {isa = PBXFileReference; fileEncoding = 4; lastKnownFileType = sourcecode.c.objc; path = FourthTopViewController.m; sourceTree = "<group>"; };
		B8779B4C16640AA6003E7335 /* 111-user.png */ = {isa = PBXFileReference; lastKnownFileType = image.png; name = "111-user.png"; path = "../../Downloads/glyphish-icons/PNG icons/111-user.png"; sourceTree = "<group>"; };
		B8779B4E16640BC2003E7335 /* book.png */ = {isa = PBXFileReference; lastKnownFileType = image.png; name = book.png; path = ../../Pictures/book.png; sourceTree = "<group>"; };
		B8779B5016640C71003E7335 /* user.png */ = {isa = PBXFileReference; lastKnownFileType = image.png; name = user.png; path = ../../Pictures/user.png; sourceTree = "<group>"; };
		B8A0891B164A5C4B00FF1D5D /* iPhone.storyboard */ = {isa = PBXFileReference; fileEncoding = 4; lastKnownFileType = file.storyboard; name = iPhone.storyboard; path = ../iPhone.storyboard; sourceTree = "<group>"; };
		B8A089A616559DB100FF1D5D /* BG-pattern2x.png */ = {isa = PBXFileReference; lastKnownFileType = image.png; name = "BG-pattern2x.png"; path = "../ios_iutbm/ios_iutbm/BG-pattern2x.png"; sourceTree = "<group>"; };
		B8A089AC1655A51600FF1D5D /* BG-pattern2xmenu.png */ = {isa = PBXFileReference; lastKnownFileType = image.png; name = "BG-pattern2xmenu.png"; path = "../../Downloads/image-resources/BG-pattern2xmenu.png"; sourceTree = "<group>"; };
		B8A089AE16565C9500FF1D5D /* list-item.png */ = {isa = PBXFileReference; lastKnownFileType = image.png; name = "list-item.png"; path = "../../Pictures/list-item.png"; sourceTree = "<group>"; };
		B8A089B21656666600FF1D5D /* 18-envelope.png */ = {isa = PBXFileReference; lastKnownFileType = image.png; name = "18-envelope.png"; path = "../../Downloads/glyphish-icons/PNG icons/18-envelope.png"; sourceTree = "<group>"; };
		B8A089B4165666D500FF1D5D /* 166-newspaper.png */ = {isa = PBXFileReference; lastKnownFileType = image.png; name = "166-newspaper.png"; path = "../../Downloads/glyphish-icons/PNG icons/166-newspaper.png"; sourceTree = "<group>"; };
		B8A089B6165666EE00FF1D5D /* 180-stickynote.png */ = {isa = PBXFileReference; lastKnownFileType = image.png; name = "180-stickynote.png"; path = "../../Downloads/glyphish-icons/PNG icons/180-stickynote.png"; sourceTree = "<group>"; };
		B8A089B816566BA500FF1D5D /* 53-house.png */ = {isa = PBXFileReference; lastKnownFileType = image.png; name = "53-house.png"; path = "../../Downloads/glyphish-icons/PNG icons/53-house.png"; sourceTree = "<group>"; };
		B8A089BA165671C000FF1D5D /* slideshow_adiut.gif */ = {isa = PBXFileReference; lastKnownFileType = image.gif; name = slideshow_adiut.gif; path = ../../Pictures/slideshow_adiut.gif; sourceTree = "<group>"; };
		B8A089BB165671C000FF1D5D /* slideshow_facebook.gif */ = {isa = PBXFileReference; lastKnownFileType = image.gif; name = slideshow_facebook.gif; path = ../../Pictures/slideshow_facebook.gif; sourceTree = "<group>"; };
		B8A089BC165671C000FF1D5D /* slideshow_formations.gif */ = {isa = PBXFileReference; lastKnownFileType = image.gif; name = slideshow_formations.gif; path = ../../Pictures/slideshow_formations.gif; sourceTree = "<group>"; };
		B8A089BD165671C000FF1D5D /* slideshows_bouge.gif */ = {isa = PBXFileReference; lastKnownFileType = image.gif; name = slideshows_bouge.gif; path = ../../Pictures/slideshows_bouge.gif; sourceTree = "<group>"; };
		B8A089BE165671C000FF1D5D /* slideshows_taxe.gif */ = {isa = PBXFileReference; lastKnownFileType = image.gif; name = slideshows_taxe.gif; path = ../../Pictures/slideshows_taxe.gif; sourceTree = "<group>"; };
		B8A089C4165673BB00FF1D5D /* segcontrol_sel-uns.png */ = {isa = PBXFileReference; lastKnownFileType = image.png; name = "segcontrol_sel-uns.png"; path = "../../Downloads/image-resources/segcontrol_sel-uns.png"; sourceTree = "<group>"; };
		B8A089C5165673BB00FF1D5D /* segcontrol_sel.png */ = {isa = PBXFileReference; lastKnownFileType = image.png; name = segcontrol_sel.png; path = "../../Downloads/image-resources/segcontrol_sel.png"; sourceTree = "<group>"; };
		B8A089C6165673BB00FF1D5D /* segcontrol_uns-sel.png */ = {isa = PBXFileReference; lastKnownFileType = image.png; name = "segcontrol_uns-sel.png"; path = "../../Downloads/image-resources/segcontrol_uns-sel.png"; sourceTree = "<group>"; };
		B8A089C7165673BB00FF1D5D /* segcontrol_uns-uns.png */ = {isa = PBXFileReference; lastKnownFileType = image.png; name = "segcontrol_uns-uns.png"; path = "../../Downloads/image-resources/segcontrol_uns-uns.png"; sourceTree = "<group>"; };
		B8A089C8165673BB00FF1D5D /* segcontrol_uns.png */ = {isa = PBXFileReference; lastKnownFileType = image.png; name = segcontrol_uns.png; path = "../../Downloads/image-resources/segcontrol_uns.png"; sourceTree = "<group>"; };
		B8A089D216594D0F00FF1D5D /* house.png */ = {isa = PBXFileReference; lastKnownFileType = image.png; name = house.png; path = ../../Pictures/house.png; sourceTree = "<group>"; };
		B8A089D616596AE500FF1D5D /* presentation.png */ = {isa = PBXFileReference; lastKnownFileType = image.png; name = presentation.png; path = ../../Pictures/presentation.png; sourceTree = "<group>"; };
		B8A089D816596D5100FF1D5D /* gradhat.png */ = {isa = PBXFileReference; lastKnownFileType = image.png; name = gradhat.png; path = ../../Pictures/gradhat.png; sourceTree = "<group>"; };
		B8A08A20165FC89000FF1D5D /* add.png */ = {isa = PBXFileReference; lastKnownFileType = image.png; name = add.png; path = "../../Downloads/MGBox2-master/Demo App/Demo App/Images/add.png"; sourceTree = "<group>"; };
		B8A08A21165FC89000FF1D5D /* add@2x.png */ = {isa = PBXFileReference; lastKnownFileType = image.png; name = "add@2x.png"; path = "../../Downloads/MGBox2-master/Demo App/Demo App/Images/add@2x.png"; sourceTree = "<group>"; };
		B8A08A22165FC89000FF1D5D /* arrow.png */ = {isa = PBXFileReference; lastKnownFileType = image.png; name = arrow.png; path = "../../Downloads/MGBox2-master/Demo App/Demo App/Images/arrow.png"; sourceTree = "<group>"; };
		B8A08A23165FC89000FF1D5D /* arrow@2x.png */ = {isa = PBXFileReference; lastKnownFileType = image.png; name = "arrow@2x.png"; path = "../../Downloads/MGBox2-master/Demo App/Demo App/Images/arrow@2x.png"; sourceTree = "<group>"; };
		B8A08A28165FC98300FF1D5D /* QuartzCore.framework */ = {isa = PBXFileReference; lastKnownFileType = wrapper.framework; name = QuartzCore.framework; path = System/Library/Frameworks/QuartzCore.framework; sourceTree = SDKROOT; };
		B8A08A2A165FC99500FF1D5D /* CoreText.framework */ = {isa = PBXFileReference; lastKnownFileType = wrapper.framework; name = CoreText.framework; path = System/Library/Frameworks/CoreText.framework; sourceTree = SDKROOT; };
		B8A08AEB165FD1D800FF1D5D /* MGScrollView.h */ = {isa = PBXFileReference; fileEncoding = 4; lastKnownFileType = sourcecode.c.h; path = MGScrollView.h; sourceTree = "<group>"; };
		B8A08AEC165FD1D800FF1D5D /* MGScrollView.m */ = {isa = PBXFileReference; fileEncoding = 4; lastKnownFileType = sourcecode.c.objc; path = MGScrollView.m; sourceTree = "<group>"; };
		B8A08AEF165FD2D900FF1D5D /* MGLayoutBox.h */ = {isa = PBXFileReference; lastKnownFileType = sourcecode.c.h; path = MGLayoutBox.h; sourceTree = "<group>"; };
		B8A08AF0165FD30900FF1D5D /* MGBase.h */ = {isa = PBXFileReference; lastKnownFileType = sourcecode.c.h; path = MGBase.h; sourceTree = "<group>"; };
		B8A08AF1165FD33300FF1D5D /* MGBox.h */ = {isa = PBXFileReference; fileEncoding = 4; lastKnownFileType = sourcecode.c.h; path = MGBox.h; sourceTree = "<group>"; };
		B8A08AF2165FD33300FF1D5D /* MGBox.m */ = {isa = PBXFileReference; fileEncoding = 4; lastKnownFileType = sourcecode.c.objc; path = MGBox.m; sourceTree = "<group>"; };
		B8A08AF4165FD3A700FF1D5D /* MGLineStyled.h */ = {isa = PBXFileReference; fileEncoding = 4; lastKnownFileType = sourcecode.c.h; path = MGLineStyled.h; sourceTree = "<group>"; };
		B8A08AF5165FD3A800FF1D5D /* MGLineStyled.m */ = {isa = PBXFileReference; fileEncoding = 4; lastKnownFileType = sourcecode.c.objc; path = MGLineStyled.m; sourceTree = "<group>"; };
		B8A08AF7165FD3D700FF1D5D /* MGLine.h */ = {isa = PBXFileReference; fileEncoding = 4; lastKnownFileType = sourcecode.c.h; path = MGLine.h; sourceTree = "<group>"; };
		B8A08AF8165FD3D700FF1D5D /* MGLine.m */ = {isa = PBXFileReference; fileEncoding = 4; lastKnownFileType = sourcecode.c.objc; path = MGLine.m; sourceTree = "<group>"; };
		B8A08AFA165FD42700FF1D5D /* MGMushParser.h */ = {isa = PBXFileReference; fileEncoding = 4; lastKnownFileType = sourcecode.c.h; path = MGMushParser.h; sourceTree = "<group>"; };
		B8A08AFB165FD42700FF1D5D /* MGMushParser.m */ = {isa = PBXFileReference; fileEncoding = 4; lastKnownFileType = sourcecode.c.objc; path = MGMushParser.m; sourceTree = "<group>"; };
		B8A08AFD165FD46E00FF1D5D /* MGTableBox.h */ = {isa = PBXFileReference; fileEncoding = 4; lastKnownFileType = sourcecode.c.h; path = MGTableBox.h; sourceTree = "<group>"; };
		B8A08AFE165FD46F00FF1D5D /* MGTableBox.m */ = {isa = PBXFileReference; fileEncoding = 4; lastKnownFileType = sourcecode.c.objc; path = MGTableBox.m; sourceTree = "<group>"; };
		B8A08B00165FD4BF00FF1D5D /* MGTableBoxStyled.h */ = {isa = PBXFileReference; fileEncoding = 4; lastKnownFileType = sourcecode.c.h; path = MGTableBoxStyled.h; sourceTree = "<group>"; };
		B8A08B01165FD4BF00FF1D5D /* MGTableBoxStyled.m */ = {isa = PBXFileReference; fileEncoding = 4; lastKnownFileType = sourcecode.c.objc; path = MGTableBoxStyled.m; sourceTree = "<group>"; };
		B8A08B03165FD50E00FF1D5D /* MGBlockWrapper.h */ = {isa = PBXFileReference; fileEncoding = 4; lastKnownFileType = sourcecode.c.h; path = MGBlockWrapper.h; sourceTree = "<group>"; };
		B8A08B04165FD50F00FF1D5D /* MGBlockWrapper.m */ = {isa = PBXFileReference; fileEncoding = 4; lastKnownFileType = sourcecode.c.objc; path = MGBlockWrapper.m; sourceTree = "<group>"; };
		B8A08B06165FD56200FF1D5D /* MGLayoutManager.h */ = {isa = PBXFileReference; fileEncoding = 4; lastKnownFileType = sourcecode.c.h; path = MGLayoutManager.h; sourceTree = "<group>"; };
		B8A08B07165FD56300FF1D5D /* MGLayoutManager.m */ = {isa = PBXFileReference; fileEncoding = 4; lastKnownFileType = sourcecode.c.objc; path = MGLayoutManager.m; sourceTree = "<group>"; };
		B8A08B09165FD5A000FF1D5D /* MGButton.h */ = {isa = PBXFileReference; fileEncoding = 4; lastKnownFileType = sourcecode.c.h; path = MGButton.h; sourceTree = "<group>"; };
		B8A08B0A165FD5A000FF1D5D /* MGButton.m */ = {isa = PBXFileReference; fileEncoding = 4; lastKnownFileType = sourcecode.c.objc; path = MGButton.m; sourceTree = "<group>"; };
		B8A08B0D165FD67A00FF1D5D /* NSAttributedString+MGTrim.h */ = {isa = PBXFileReference; fileEncoding = 4; lastKnownFileType = sourcecode.c.h; path = "NSAttributedString+MGTrim.h"; sourceTree = "<group>"; };
		B8A08B0E165FD67A00FF1D5D /* NSAttributedString+MGTrim.m */ = {isa = PBXFileReference; fileEncoding = 4; lastKnownFileType = sourcecode.c.objc; path = "NSAttributedString+MGTrim.m"; sourceTree = "<group>"; };
		B8A08B10165FD6BB00FF1D5D /* NSObject+MGEvents.h */ = {isa = PBXFileReference; fileEncoding = 4; lastKnownFileType = sourcecode.c.h; path = "NSObject+MGEvents.h"; sourceTree = "<group>"; };
		B8A08B11165FD6BB00FF1D5D /* NSObject+MGEvents.m */ = {isa = PBXFileReference; fileEncoding = 4; lastKnownFileType = sourcecode.c.objc; path = "NSObject+MGEvents.m"; sourceTree = "<group>"; };
		B8A08B13165FD70100FF1D5D /* UIColor+MGExpanded.h */ = {isa = PBXFileReference; fileEncoding = 4; lastKnownFileType = sourcecode.c.h; path = "UIColor+MGExpanded.h"; sourceTree = "<group>"; };
		B8A08B14165FD70100FF1D5D /* UIColor+MGExpanded.m */ = {isa = PBXFileReference; fileEncoding = 4; lastKnownFileType = sourcecode.c.objc; path = "UIColor+MGExpanded.m"; sourceTree = "<group>"; };
		B8A08B16165FD73B00FF1D5D /* UIControl+MGEvents.h */ = {isa = PBXFileReference; fileEncoding = 4; lastKnownFileType = sourcecode.c.h; path = "UIControl+MGEvents.h"; sourceTree = "<group>"; };
		B8A08B17165FD73C00FF1D5D /* UIControl+MGEvents.m */ = {isa = PBXFileReference; fileEncoding = 4; lastKnownFileType = sourcecode.c.objc; path = "UIControl+MGEvents.m"; sourceTree = "<group>"; };
		B8A08B19165FD78A00FF1D5D /* UIResponder+FirstResponder.h */ = {isa = PBXFileReference; fileEncoding = 4; lastKnownFileType = sourcecode.c.h; path = "UIResponder+FirstResponder.h"; sourceTree = "<group>"; };
		B8A08B1A165FD78B00FF1D5D /* UIResponder+FirstResponder.m */ = {isa = PBXFileReference; fileEncoding = 4; lastKnownFileType = sourcecode.c.objc; path = "UIResponder+FirstResponder.m"; sourceTree = "<group>"; };
		B8A08B1C165FD7C400FF1D5D /* UIView+MGEasyFrame.h */ = {isa = PBXFileReference; fileEncoding = 4; lastKnownFileType = sourcecode.c.h; path = "UIView+MGEasyFrame.h"; sourceTree = "<group>"; };
		B8A08B1D165FD7C500FF1D5D /* UIView+MGEasyFrame.m */ = {isa = PBXFileReference; fileEncoding = 4; lastKnownFileType = sourcecode.c.objc; path = "UIView+MGEasyFrame.m"; sourceTree = "<group>"; };
		B8A08B241660B9E400FF1D5D /* 12-eye.png */ = {isa = PBXFileReference; lastKnownFileType = image.png; name = "12-eye.png"; path = "../../Downloads/glyphish-icons/PNG icons/12-eye.png"; sourceTree = "<group>"; };
		B8A08B261660BA6300FF1D5D /* 112-group.png */ = {isa = PBXFileReference; lastKnownFileType = image.png; name = "112-group.png"; path = "../../Downloads/glyphish-icons/PNG icons/112-group.png"; sourceTree = "<group>"; };
		B8A08B281660BAAE00FF1D5D /* 121-landscape.png */ = {isa = PBXFileReference; lastKnownFileType = image.png; name = "121-landscape.png"; path = "../../Downloads/glyphish-icons/PNG icons/121-landscape.png"; sourceTree = "<group>"; };
/* End PBXFileReference section */

/* Begin PBXFrameworksBuildPhase section */
		B816FCE6164266F5002336E0 /* Frameworks */ = {
			isa = PBXFrameworksBuildPhase;
			buildActionMask = 2147483647;
			files = (
				B8A08A2B165FC99500FF1D5D /* CoreText.framework in Frameworks */,
				B8A08A29165FC98300FF1D5D /* QuartzCore.framework in Frameworks */,
				B816FCEE164266F5002336E0 /* UIKit.framework in Frameworks */,
				B816FCF0164266F5002336E0 /* Foundation.framework in Frameworks */,
				B816FCF2164266F5002336E0 /* CoreGraphics.framework in Frameworks */,
			);
			runOnlyForDeploymentPostprocessing = 0;
		};
		B816FD0C164266F5002336E0 /* Frameworks */ = {
			isa = PBXFrameworksBuildPhase;
			buildActionMask = 2147483647;
			files = (
				B816FD12164266F5002336E0 /* SenTestingKit.framework in Frameworks */,
				B816FD13164266F5002336E0 /* UIKit.framework in Frameworks */,
				B816FD14164266F5002336E0 /* Foundation.framework in Frameworks */,
			);
			runOnlyForDeploymentPostprocessing = 0;
		};
/* End PBXFrameworksBuildPhase section */

/* Begin PBXGroup section */
		B816FCDE164266F5002336E0 = {
			isa = PBXGroup;
			children = (
				B8A08A2A165FC99500FF1D5D /* CoreText.framework */,
				B8A08A28165FC98300FF1D5D /* QuartzCore.framework */,
				B8A089A516559D9800FF1D5D /* images */,
				B816FCF3164266F5002336E0 /* iutbm */,
				B816FD17164266F5002336E0 /* iutbmTests */,
				B816FCEC164266F5002336E0 /* Frameworks */,
				B816FCEA164266F5002336E0 /* Products */,
			);
			sourceTree = "<group>";
		};
		B816FCEA164266F5002336E0 /* Products */ = {
			isa = PBXGroup;
			children = (
				B816FCE9164266F5002336E0 /* iutbm.app */,
				B816FD10164266F5002336E0 /* iutbmTests.octest */,
			);
			name = Products;
			sourceTree = "<group>";
		};
		B816FCEC164266F5002336E0 /* Frameworks */ = {
			isa = PBXGroup;
			children = (
				B816FCED164266F5002336E0 /* UIKit.framework */,
				B816FCEF164266F5002336E0 /* Foundation.framework */,
				B816FCF1164266F5002336E0 /* CoreGraphics.framework */,
				B816FD11164266F5002336E0 /* SenTestingKit.framework */,
			);
			name = Frameworks;
			sourceTree = "<group>";
		};
		B816FCF3164266F5002336E0 /* iutbm */ = {
			isa = PBXGroup;
			children = (
				B8A08AEA165FD19B00FF1D5D /* MGBox */,
				B816FCFC164266F5002336E0 /* AppDelegate.h */,
				B816FCFD164266F5002336E0 /* AppDelegate.m */,
				B8A0892C164AD7E400FF1D5D /* classes */,
				B8A0892B164AD7AD00FF1D5D /* view */,
				B816FD31164269B4002336E0 /* vendor */,
				B816FCF4164266F5002336E0 /* Supporting Files */,
			);
			path = iutbm;
			sourceTree = "<group>";
		};
		B816FCF4164266F5002336E0 /* Supporting Files */ = {
			isa = PBXGroup;
			children = (
				B816FCF5164266F5002336E0 /* iutbm-Info.plist */,
				B816FCF6164266F5002336E0 /* InfoPlist.strings */,
				B816FCF9164266F5002336E0 /* main.m */,
				B816FCFB164266F5002336E0 /* iutbm-Prefix.pch */,
				B816FCFF164266F5002336E0 /* Default.png */,
				B816FD01164266F5002336E0 /* Default@2x.png */,
				B816FD03164266F5002336E0 /* Default-568h@2x.png */,
			);
			name = "Supporting Files";
			sourceTree = "<group>";
		};
		B816FD17164266F5002336E0 /* iutbmTests */ = {
			isa = PBXGroup;
			children = (
				B816FD1D164266F5002336E0 /* iutbmTests.h */,
				B816FD1E164266F5002336E0 /* iutbmTests.m */,
				B816FD18164266F5002336E0 /* Supporting Files */,
			);
			path = iutbmTests;
			sourceTree = "<group>";
		};
		B816FD18164266F5002336E0 /* Supporting Files */ = {
			isa = PBXGroup;
			children = (
				B816FD19164266F5002336E0 /* iutbmTests-Info.plist */,
				B816FD1A164266F5002336E0 /* InfoPlist.strings */,
			);
			name = "Supporting Files";
			sourceTree = "<group>";
		};
		B816FD31164269B4002336E0 /* vendor */ = {
			isa = PBXGroup;
			children = (
				B816FD32164269CE002336E0 /* ECSlidingViewController */,
			);
			name = vendor;
			sourceTree = "<group>";
		};
		B816FD32164269CE002336E0 /* ECSlidingViewController */ = {
			isa = PBXGroup;
			children = (
				B816FD3316426A03002336E0 /* ECSlidingViewController.h */,
				B816FD3416426A03002336E0 /* ECSlidingViewController.m */,
				B816FD3616426A63002336E0 /* UIImage+ImageWithUIView.h */,
				B816FD3716426A63002336E0 /* UIImage+ImageWithUIView.m */,
			);
			name = ECSlidingViewController;
			sourceTree = "<group>";
		};
		B8779B2F1662787C003E7335 /* Accueil */ = {
			isa = PBXGroup;
			children = (
				B816FD4216427A0C002336E0 /* FirstTopViewController.m */,
				B816FD4116427A0C002336E0 /* FirstTopViewController.h */,
				B816FD5F1643C9C0002336E0 /* NewsViewController.h */,
				B816FD601643C9C0002336E0 /* NewsViewController.m */,
				B816FD621643C9E0002336E0 /* PresseViewController.h */,
				B816FD631643C9E0002336E0 /* PresseViewController.m */,
			);
			name = Accueil;
			sourceTree = "<group>";
		};
		B8779B30166278AD003E7335 /* Presentation */ = {
			isa = PBXGroup;
			children = (
				B816FD2B164268AF002336E0 /* SecondTopViewController.h */,
				B816FD2C164268AF002336E0 /* SecondTopViewController.m */,
				B8779B281662581C003E7335 /* GalerieViewController.h */,
				B8779B291662581C003E7335 /* GalerieViewController.m */,
				B8779B2C16627069003E7335 /* PhotoBox.h */,
				B8779B2D16627069003E7335 /* PhotoBox.m */,
			);
			name = Presentation;
			sourceTree = "<group>";
		};
		B8779B47166406BC003E7335 /* Formations */ = {
			isa = PBXGroup;
			children = (
				B816FD2E16426918002336E0 /* ThirdTopViewController.h */,
				B816FD2F16426918002336E0 /* ThirdTopViewController.m */,
			);
			name = Formations;
			sourceTree = "<group>";
		};
		B8779B4816640866003E7335 /* Lycéen */ = {
			isa = PBXGroup;
			children = (
				B8779B49166408AF003E7335 /* FourthTopViewController.h */,
				B8779B4A166408AF003E7335 /* FourthTopViewController.m */,
			);
			name = "Lycéen";
			sourceTree = "<group>";
		};
		B8A0892B164AD7AD00FF1D5D /* view */ = {
			isa = PBXGroup;
			children = (
				B8A0891B164A5C4B00FF1D5D /* iPhone.storyboard */,
			);
			name = view;
			sourceTree = "<group>";
		};
		B8A0892C164AD7E400FF1D5D /* classes */ = {
			isa = PBXGroup;
			children = (
				B8779B4816640866003E7335 /* Lycéen */,
				B8779B47166406BC003E7335 /* Formations */,
				B8779B30166278AD003E7335 /* Presentation */,
				B8779B2F1662787C003E7335 /* Accueil */,
				B816FD28164267DF002336E0 /* MenuViewController.h */,
				B816FD29164267DF002336E0 /* MenuViewController.m */,
				B816FD5016427C32002336E0 /* InitialSlidingViewController.h */,
				B816FD5116427C32002336E0 /* InitialSlidingViewController.m */,
			);
			name = classes;
			sourceTree = "<group>";
		};
		B8A089A516559D9800FF1D5D /* images */ = {
			isa = PBXGroup;
			children = (
				B8779B4E16640BC2003E7335 /* book.png */,
				B8779B4C16640AA6003E7335 /* 111-user.png */,
				B8779B3516636CCE003E7335 /* 96-book.png */,
				B8779B3316636C53003E7335 /* 13-target.png */,
				B8779B3116636C17003E7335 /* 193-location-arrow.png */,
				B8A08A20165FC89000FF1D5D /* add.png */,
				B8A08A21165FC89000FF1D5D /* add@2x.png */,
				B8A08A22165FC89000FF1D5D /* arrow.png */,
				B8A08A23165FC89000FF1D5D /* arrow@2x.png */,
				B8A089C4165673BB00FF1D5D /* segcontrol_sel-uns.png */,
				B8A089C5165673BB00FF1D5D /* segcontrol_sel.png */,
				B8A089C6165673BB00FF1D5D /* segcontrol_uns-sel.png */,
				B8A089C7165673BB00FF1D5D /* segcontrol_uns-uns.png */,
				B8A089C8165673BB00FF1D5D /* segcontrol_uns.png */,
				B8A089BA165671C000FF1D5D /* slideshow_adiut.gif */,
				B8A089BB165671C000FF1D5D /* slideshow_facebook.gif */,
				B8A089BC165671C000FF1D5D /* slideshow_formations.gif */,
				B8A089BD165671C000FF1D5D /* slideshows_bouge.gif */,
				B8A089BE165671C000FF1D5D /* slideshows_taxe.gif */,
				B8A089B816566BA500FF1D5D /* 53-house.png */,
				B8A089AE16565C9500FF1D5D /* list-item.png */,
				B8A089AC1655A51600FF1D5D /* BG-pattern2xmenu.png */,
				B8A089A616559DB100FF1D5D /* BG-pattern2x.png */,
				B8A089B21656666600FF1D5D /* 18-envelope.png */,
				B8A089B4165666D500FF1D5D /* 166-newspaper.png */,
				B8A089B6165666EE00FF1D5D /* 180-stickynote.png */,
				B8A089D216594D0F00FF1D5D /* house.png */,
				B8A089D616596AE500FF1D5D /* presentation.png */,
				B8A089D816596D5100FF1D5D /* gradhat.png */,
				B8A08B241660B9E400FF1D5D /* 12-eye.png */,
				B8779B5016640C71003E7335 /* user.png */,
				B8A08B261660BA6300FF1D5D /* 112-group.png */,
				B8A08B281660BAAE00FF1D5D /* 121-landscape.png */,
			);
			name = images;
			sourceTree = "<group>";
		};
		B8A08AEA165FD19B00FF1D5D /* MGBox */ = {
			isa = PBXGroup;
			children = (
				B8A08B0C165FD64F00FF1D5D /* categories */,
				B8A08AEB165FD1D800FF1D5D /* MGScrollView.h */,
				B8A08AEC165FD1D800FF1D5D /* MGScrollView.m */,
				B8A08AEF165FD2D900FF1D5D /* MGLayoutBox.h */,
				B8A08AF0165FD30900FF1D5D /* MGBase.h */,
				B8A08AF1165FD33300FF1D5D /* MGBox.h */,
				B8A08AF2165FD33300FF1D5D /* MGBox.m */,
				B8A08AF4165FD3A700FF1D5D /* MGLineStyled.h */,
				B8A08AF5165FD3A800FF1D5D /* MGLineStyled.m */,
				B8A08AF7165FD3D700FF1D5D /* MGLine.h */,
				B8A08AF8165FD3D700FF1D5D /* MGLine.m */,
				B8A08AFA165FD42700FF1D5D /* MGMushParser.h */,
				B8A08AFB165FD42700FF1D5D /* MGMushParser.m */,
				B8A08AFD165FD46E00FF1D5D /* MGTableBox.h */,
				B8A08AFE165FD46F00FF1D5D /* MGTableBox.m */,
				B8A08B00165FD4BF00FF1D5D /* MGTableBoxStyled.h */,
				B8A08B01165FD4BF00FF1D5D /* MGTableBoxStyled.m */,
				B8A08B03165FD50E00FF1D5D /* MGBlockWrapper.h */,
				B8A08B04165FD50F00FF1D5D /* MGBlockWrapper.m */,
				B8A08B06165FD56200FF1D5D /* MGLayoutManager.h */,
				B8A08B07165FD56300FF1D5D /* MGLayoutManager.m */,
				B8A08B09165FD5A000FF1D5D /* MGButton.h */,
				B8A08B0A165FD5A000FF1D5D /* MGButton.m */,
			);
			name = MGBox;
			sourceTree = "<group>";
		};
		B8A08B0C165FD64F00FF1D5D /* categories */ = {
			isa = PBXGroup;
			children = (
				B8A08B0D165FD67A00FF1D5D /* NSAttributedString+MGTrim.h */,
				B8A08B0E165FD67A00FF1D5D /* NSAttributedString+MGTrim.m */,
				B8A08B10165FD6BB00FF1D5D /* NSObject+MGEvents.h */,
				B8A08B11165FD6BB00FF1D5D /* NSObject+MGEvents.m */,
				B8A08B13165FD70100FF1D5D /* UIColor+MGExpanded.h */,
				B8A08B14165FD70100FF1D5D /* UIColor+MGExpanded.m */,
				B8A08B16165FD73B00FF1D5D /* UIControl+MGEvents.h */,
				B8A08B17165FD73C00FF1D5D /* UIControl+MGEvents.m */,
				B8A08B19165FD78A00FF1D5D /* UIResponder+FirstResponder.h */,
				B8A08B1A165FD78B00FF1D5D /* UIResponder+FirstResponder.m */,
				B8A08B1C165FD7C400FF1D5D /* UIView+MGEasyFrame.h */,
				B8A08B1D165FD7C500FF1D5D /* UIView+MGEasyFrame.m */,
			);
			name = categories;
			sourceTree = "<group>";
		};
/* End PBXGroup section */

/* Begin PBXNativeTarget section */
		B816FCE8164266F5002336E0 /* iutbm */ = {
			isa = PBXNativeTarget;
			buildConfigurationList = B816FD22164266F5002336E0 /* Build configuration list for PBXNativeTarget "iutbm" */;
			buildPhases = (
				B816FCE5164266F5002336E0 /* Sources */,
				B816FCE6164266F5002336E0 /* Frameworks */,
				B816FCE7164266F5002336E0 /* Resources */,
			);
			buildRules = (
			);
			dependencies = (
			);
			name = iutbm;
			productName = iutbm;
			productReference = B816FCE9164266F5002336E0 /* iutbm.app */;
			productType = "com.apple.product-type.application";
		};
		B816FD0F164266F5002336E0 /* iutbmTests */ = {
			isa = PBXNativeTarget;
			buildConfigurationList = B816FD25164266F5002336E0 /* Build configuration list for PBXNativeTarget "iutbmTests" */;
			buildPhases = (
				B816FD0B164266F5002336E0 /* Sources */,
				B816FD0C164266F5002336E0 /* Frameworks */,
				B816FD0D164266F5002336E0 /* Resources */,
				B816FD0E164266F5002336E0 /* ShellScript */,
			);
			buildRules = (
			);
			dependencies = (
				B816FD16164266F5002336E0 /* PBXTargetDependency */,
			);
			name = iutbmTests;
			productName = iutbmTests;
			productReference = B816FD10164266F5002336E0 /* iutbmTests.octest */;
			productType = "com.apple.product-type.bundle";
		};
/* End PBXNativeTarget section */

/* Begin PBXProject section */
		B816FCE0164266F5002336E0 /* Project object */ = {
			isa = PBXProject;
			attributes = {
				LastUpgradeCheck = 0450;
				ORGANIZATIONNAME = IOS_iut;
			};
			buildConfigurationList = B816FCE3164266F5002336E0 /* Build configuration list for PBXProject "iutbm" */;
			compatibilityVersion = "Xcode 3.2";
			developmentRegion = English;
			hasScannedForEncodings = 0;
			knownRegions = (
				en,
			);
			mainGroup = B816FCDE164266F5002336E0;
			productRefGroup = B816FCEA164266F5002336E0 /* Products */;
			projectDirPath = "";
			projectRoot = "";
			targets = (
				B816FCE8164266F5002336E0 /* iutbm */,
				B816FD0F164266F5002336E0 /* iutbmTests */,
			);
		};
/* End PBXProject section */

/* Begin PBXResourcesBuildPhase section */
		B816FCE7164266F5002336E0 /* Resources */ = {
			isa = PBXResourcesBuildPhase;
			buildActionMask = 2147483647;
			files = (
				B8A08ADC165FD00600FF1D5D /* add.png in Resources */,
				B8A08ADD165FD00600FF1D5D /* add@2x.png in Resources */,
				B8A08ADE165FD00600FF1D5D /* arrow.png in Resources */,
				B8A08ADF165FD00600FF1D5D /* arrow@2x.png in Resources */,
				B816FCF8164266F5002336E0 /* InfoPlist.strings in Resources */,
				B816FD00164266F5002336E0 /* Default.png in Resources */,
				B816FD02164266F5002336E0 /* Default@2x.png in Resources */,
				B816FD04164266F5002336E0 /* Default-568h@2x.png in Resources */,
				B8A0891C164A5C4B00FF1D5D /* iPhone.storyboard in Resources */,
				B8A089A716559DB100FF1D5D /* BG-pattern2x.png in Resources */,
				B8A089AD1655A51700FF1D5D /* BG-pattern2xmenu.png in Resources */,
				B8A089AF16565C9500FF1D5D /* list-item.png in Resources */,
				B8A089B31656666600FF1D5D /* 18-envelope.png in Resources */,
				B8A089B5165666D500FF1D5D /* 166-newspaper.png in Resources */,
				B8A089B7165666EE00FF1D5D /* 180-stickynote.png in Resources */,
				B8A089B916566BA500FF1D5D /* 53-house.png in Resources */,
				B8A089BF165671C000FF1D5D /* slideshow_adiut.gif in Resources */,
				B8A089C0165671C000FF1D5D /* slideshow_facebook.gif in Resources */,
				B8A089C1165671C000FF1D5D /* slideshow_formations.gif in Resources */,
				B8A089C2165671C000FF1D5D /* slideshows_bouge.gif in Resources */,
				B8A089C3165671C000FF1D5D /* slideshows_taxe.gif in Resources */,
				B8A089C9165673BB00FF1D5D /* segcontrol_sel-uns.png in Resources */,
				B8A089CA165673BB00FF1D5D /* segcontrol_sel.png in Resources */,
				B8A089CB165673BB00FF1D5D /* segcontrol_uns-sel.png in Resources */,
				B8A089CC165673BB00FF1D5D /* segcontrol_uns-uns.png in Resources */,
				B8A089CD165673BB00FF1D5D /* segcontrol_uns.png in Resources */,
				B8A089D316594D0F00FF1D5D /* house.png in Resources */,
				B8A089D716596AE500FF1D5D /* presentation.png in Resources */,
				B8A089D916596D5100FF1D5D /* gradhat.png in Resources */,
				B8A08B251660B9E400FF1D5D /* 12-eye.png in Resources */,
				B8A08B271660BA6300FF1D5D /* 112-group.png in Resources */,
				B8A08B291660BAAE00FF1D5D /* 121-landscape.png in Resources */,
				B8779B3216636C18003E7335 /* 193-location-arrow.png in Resources */,
				B8779B3416636C53003E7335 /* 13-target.png in Resources */,
				B8779B3616636CCE003E7335 /* 96-book.png in Resources */,
				B8779B4D16640AA6003E7335 /* 111-user.png in Resources */,
				B8779B4F16640BC2003E7335 /* book.png in Resources */,
				B8779B5116640C71003E7335 /* user.png in Resources */,
			);
			runOnlyForDeploymentPostprocessing = 0;
		};
		B816FD0D164266F5002336E0 /* Resources */ = {
			isa = PBXResourcesBuildPhase;
			buildActionMask = 2147483647;
			files = (
				B816FD1C164266F5002336E0 /* InfoPlist.strings in Resources */,
				B8A08A24165FC89100FF1D5D /* add.png in Resources */,
				B8A08A25165FC89100FF1D5D /* add@2x.png in Resources */,
				B8A08A26165FC89100FF1D5D /* arrow.png in Resources */,
				B8A08A27165FC89100FF1D5D /* arrow@2x.png in Resources */,
			);
			runOnlyForDeploymentPostprocessing = 0;
		};
/* End PBXResourcesBuildPhase section */

/* Begin PBXShellScriptBuildPhase section */
		B816FD0E164266F5002336E0 /* ShellScript */ = {
			isa = PBXShellScriptBuildPhase;
			buildActionMask = 2147483647;
			files = (
			);
			inputPaths = (
			);
			outputPaths = (
			);
			runOnlyForDeploymentPostprocessing = 0;
			shellPath = /bin/sh;
			shellScript = "# Run the unit tests in this test bundle.\n\"${SYSTEM_DEVELOPER_DIR}/Tools/RunUnitTests\"\n";
		};
/* End PBXShellScriptBuildPhase section */

/* Begin PBXSourcesBuildPhase section */
		B816FCE5164266F5002336E0 /* Sources */ = {
			isa = PBXSourcesBuildPhase;
			buildActionMask = 2147483647;
			files = (
				B816FCFA164266F5002336E0 /* main.m in Sources */,
				B816FCFE164266F5002336E0 /* AppDelegate.m in Sources */,
				B816FD2A164267DF002336E0 /* MenuViewController.m in Sources */,
				B816FD2D164268AF002336E0 /* SecondTopViewController.m in Sources */,
				B816FD3016426918002336E0 /* ThirdTopViewController.m in Sources */,
				B816FD3516426A03002336E0 /* ECSlidingViewController.m in Sources */,
				B816FD3816426A63002336E0 /* UIImage+ImageWithUIView.m in Sources */,
				B816FD4316427A0D002336E0 /* FirstTopViewController.m in Sources */,
				B816FD5216427C32002336E0 /* InitialSlidingViewController.m in Sources */,
				B816FD611643C9C1002336E0 /* NewsViewController.m in Sources */,
				B816FD641643C9E1002336E0 /* PresseViewController.m in Sources */,
				B8A08AED165FD1D800FF1D5D /* MGScrollView.m in Sources */,
				B8A08AF3165FD33300FF1D5D /* MGBox.m in Sources */,
				B8A08AF6165FD3A800FF1D5D /* MGLineStyled.m in Sources */,
				B8A08AF9165FD3D800FF1D5D /* MGLine.m in Sources */,
				B8A08AFC165FD42700FF1D5D /* MGMushParser.m in Sources */,
				B8A08AFF165FD47000FF1D5D /* MGTableBox.m in Sources */,
				B8A08B02165FD4C000FF1D5D /* MGTableBoxStyled.m in Sources */,
				B8A08B05165FD51100FF1D5D /* MGBlockWrapper.m in Sources */,
				B8A08B08165FD56400FF1D5D /* MGLayoutManager.m in Sources */,
				B8A08B0B165FD5A100FF1D5D /* MGButton.m in Sources */,
				B8A08B0F165FD67A00FF1D5D /* NSAttributedString+MGTrim.m in Sources */,
				B8A08B12165FD6BB00FF1D5D /* NSObject+MGEvents.m in Sources */,
				B8A08B15165FD70100FF1D5D /* UIColor+MGExpanded.m in Sources */,
				B8A08B18165FD73C00FF1D5D /* UIControl+MGEvents.m in Sources */,
				B8A08B1B165FD78C00FF1D5D /* UIResponder+FirstResponder.m in Sources */,
				B8A08B1E165FD7C600FF1D5D /* UIView+MGEasyFrame.m in Sources */,
				B8779B2A1662581C003E7335 /* GalerieViewController.m in Sources */,
				B8779B2E16627069003E7335 /* PhotoBox.m in Sources */,
				B8779B4B166408AF003E7335 /* FourthTopViewController.m in Sources */,
			);
			runOnlyForDeploymentPostprocessing = 0;
		};
		B816FD0B164266F5002336E0 /* Sources */ = {
			isa = PBXSourcesBuildPhase;
			buildActionMask = 2147483647;
			files = (
				B816FD1F164266F5002336E0 /* iutbmTests.m in Sources */,
			);
			runOnlyForDeploymentPostprocessing = 0;
		};
/* End PBXSourcesBuildPhase section */

/* Begin PBXTargetDependency section */
		B816FD16164266F5002336E0 /* PBXTargetDependency */ = {
			isa = PBXTargetDependency;
			target = B816FCE8164266F5002336E0 /* iutbm */;
			targetProxy = B816FD15164266F5002336E0 /* PBXContainerItemProxy */;
		};
/* End PBXTargetDependency section */

/* Begin PBXVariantGroup section */
		B816FCF6164266F5002336E0 /* InfoPlist.strings */ = {
			isa = PBXVariantGroup;
			children = (
				B816FCF7164266F5002336E0 /* en */,
			);
			name = InfoPlist.strings;
			sourceTree = "<group>";
		};
		B816FD1A164266F5002336E0 /* InfoPlist.strings */ = {
			isa = PBXVariantGroup;
			children = (
				B816FD1B164266F5002336E0 /* en */,
			);
			name = InfoPlist.strings;
			sourceTree = "<group>";
		};
/* End PBXVariantGroup section */

/* Begin XCBuildConfiguration section */
		B816FD20164266F5002336E0 /* Debug */ = {
			isa = XCBuildConfiguration;
			buildSettings = {
				ALWAYS_SEARCH_USER_PATHS = NO;
				CLANG_CXX_LANGUAGE_STANDARD = "gnu++0x";
				CLANG_CXX_LIBRARY = "libc++";
				CLANG_ENABLE_OBJC_ARC = YES;
				CLANG_WARN_EMPTY_BODY = YES;
				CLANG_WARN__DUPLICATE_METHOD_MATCH = YES;
				"CODE_SIGN_IDENTITY[sdk=iphoneos*]" = "iPhone Developer";
				COPY_PHASE_STRIP = NO;
				GCC_C_LANGUAGE_STANDARD = gnu99;
				GCC_DYNAMIC_NO_PIC = NO;
				GCC_OPTIMIZATION_LEVEL = 0;
				GCC_PREPROCESSOR_DEFINITIONS = (
					"DEBUG=1",
					"$(inherited)",
				);
				GCC_SYMBOLS_PRIVATE_EXTERN = NO;
				GCC_WARN_ABOUT_RETURN_TYPE = YES;
				GCC_WARN_UNINITIALIZED_AUTOS = YES;
				GCC_WARN_UNUSED_VARIABLE = YES;
				IPHONEOS_DEPLOYMENT_TARGET = 6.0;
				ONLY_ACTIVE_ARCH = YES;
				SDKROOT = iphoneos;
			};
			name = Debug;
		};
		B816FD21164266F5002336E0 /* Release */ = {
			isa = XCBuildConfiguration;
			buildSettings = {
				ALWAYS_SEARCH_USER_PATHS = NO;
				CLANG_CXX_LANGUAGE_STANDARD = "gnu++0x";
				CLANG_CXX_LIBRARY = "libc++";
				CLANG_ENABLE_OBJC_ARC = YES;
				CLANG_WARN_EMPTY_BODY = YES;
				CLANG_WARN__DUPLICATE_METHOD_MATCH = YES;
				"CODE_SIGN_IDENTITY[sdk=iphoneos*]" = "iPhone Developer";
				COPY_PHASE_STRIP = YES;
				GCC_C_LANGUAGE_STANDARD = gnu99;
				GCC_WARN_ABOUT_RETURN_TYPE = YES;
				GCC_WARN_UNINITIALIZED_AUTOS = YES;
				GCC_WARN_UNUSED_VARIABLE = YES;
				IPHONEOS_DEPLOYMENT_TARGET = 6.0;
				OTHER_CFLAGS = "-DNS_BLOCK_ASSERTIONS=1";
				SDKROOT = iphoneos;
				VALIDATE_PRODUCT = YES;
			};
			name = Release;
		};
		B816FD23164266F5002336E0 /* Debug */ = {
			isa = XCBuildConfiguration;
			buildSettings = {
				GCC_PRECOMPILE_PREFIX_HEADER = YES;
				GCC_PREFIX_HEADER = "iutbm/iutbm-Prefix.pch";
				INFOPLIST_FILE = "iutbm/iutbm-Info.plist";
				PRODUCT_NAME = "$(TARGET_NAME)";
				WRAPPER_EXTENSION = app;
			};
			name = Debug;
		};
		B816FD24164266F5002336E0 /* Release */ = {
			isa = XCBuildConfiguration;
			buildSettings = {
				GCC_PRECOMPILE_PREFIX_HEADER = YES;
				GCC_PREFIX_HEADER = "iutbm/iutbm-Prefix.pch";
				INFOPLIST_FILE = "iutbm/iutbm-Info.plist";
				ONLY_ACTIVE_ARCH = NO;
				PRODUCT_NAME = "$(TARGET_NAME)";
				WRAPPER_EXTENSION = app;
			};
			name = Release;
		};
		B816FD26164266F5002336E0 /* Debug */ = {
			isa = XCBuildConfiguration;
			buildSettings = {
				BUNDLE_LOADER = "$(BUILT_PRODUCTS_DIR)/iutbm.app/iutbm";
				FRAMEWORK_SEARCH_PATHS = (
					"\"$(SDKROOT)/Developer/Library/Frameworks\"",
					"\"$(DEVELOPER_LIBRARY_DIR)/Frameworks\"",
				);
				GCC_PRECOMPILE_PREFIX_HEADER = YES;
				GCC_PREFIX_HEADER = "iutbm/iutbm-Prefix.pch";
				INFOPLIST_FILE = "iutbmTests/iutbmTests-Info.plist";
				PRODUCT_NAME = "$(TARGET_NAME)";
				TEST_HOST = "$(BUNDLE_LOADER)";
				WRAPPER_EXTENSION = octest;
			};
			name = Debug;
		};
		B816FD27164266F5002336E0 /* Release */ = {
			isa = XCBuildConfiguration;
			buildSettings = {
				BUNDLE_LOADER = "$(BUILT_PRODUCTS_DIR)/iutbm.app/iutbm";
				FRAMEWORK_SEARCH_PATHS = (
					"\"$(SDKROOT)/Developer/Library/Frameworks\"",
					"\"$(DEVELOPER_LIBRARY_DIR)/Frameworks\"",
				);
				GCC_PRECOMPILE_PREFIX_HEADER = YES;
				GCC_PREFIX_HEADER = "iutbm/iutbm-Prefix.pch";
				INFOPLIST_FILE = "iutbmTests/iutbmTests-Info.plist";
				PRODUCT_NAME = "$(TARGET_NAME)";
				TEST_HOST = "$(BUNDLE_LOADER)";
				WRAPPER_EXTENSION = octest;
			};
			name = Release;
		};
/* End XCBuildConfiguration section */

/* Begin XCConfigurationList section */
		B816FCE3164266F5002336E0 /* Build configuration list for PBXProject "iutbm" */ = {
			isa = XCConfigurationList;
			buildConfigurations = (
				B816FD20164266F5002336E0 /* Debug */,
				B816FD21164266F5002336E0 /* Release */,
			);
			defaultConfigurationIsVisible = 0;
			defaultConfigurationName = Release;
		};
		B816FD22164266F5002336E0 /* Build configuration list for PBXNativeTarget "iutbm" */ = {
			isa = XCConfigurationList;
			buildConfigurations = (
				B816FD23164266F5002336E0 /* Debug */,
				B816FD24164266F5002336E0 /* Release */,
			);
			defaultConfigurationIsVisible = 0;
			defaultConfigurationName = Release;
		};
		B816FD25164266F5002336E0 /* Build configuration list for PBXNativeTarget "iutbmTests" */ = {
			isa = XCConfigurationList;
			buildConfigurations = (
				B816FD26164266F5002336E0 /* Debug */,
				B816FD27164266F5002336E0 /* Release */,
			);
			defaultConfigurationIsVisible = 0;
			defaultConfigurationName = Release;
		};
/* End XCConfigurationList section */
	};
	rootObject = B816FCE0164266F5002336E0 /* Project object */;
}
